
Microsoft Visual Studio Solution File, Format Version 12.00
# Visual Studio Version 17
VisualStudioVersion = 17.14.36301.6 d17.14
MinimumVisualStudioVersion = 10.0.40219.1
Project("{FAE04EC0-301F-11D3-BF4B-00C04F79EFBC}") = "InternetShop", "InternetShop\InternetShop.csproj", "{BC99FA24-A223-42F7-A88C-CFAFAF1CF7E1}"
EndProject
Global
	GlobalSection(SolutionConfigurationPlatforms) = preSolution
		Debug|Any CPU = Debug|Any CPU
		Release|Any CPU = Release|Any CPU
	EndGlobalSection
	GlobalSection(ProjectConfigurationPlatforms) = postSolution
		{BC99FA24-A223-42F7-A88C-CFAFAF1CF7E1}.Debug|Any CPU.ActiveCfg = Debug|Any CPU
		{BC99FA24-A223-42F7-A88C-CFAFAF1CF7E1}.Debug|Any CPU.Build.0 = Debug|Any CPU
		{BC99FA24-A223-42F7-A88C-CFAFAF1CF7E1}.Release|Any CPU.ActiveCfg = Release|Any CPU
		{BC99FA24-A223-42F7-A88C-CFAFAF1CF7E1}.Release|Any CPU.Build.0 = Release|Any CPU
	EndGlobalSection
	GlobalSection(SolutionProperties) = preSolution
		HideSolutionNode = FALSE
	EndGlobalSection
	GlobalSection(ExtensibilityGlobals) = postSolution
		SolutionGuid = {E334E9BD-3CC5-4654-9FC4-85A9867D8C71}
	EndGlobalSection
EndGlobal
